Microsoft Visual Studio Solution File, Format Version 11.00
# Visual Studio 2010
Project("{FAE04EC0-301F-11D3-BF4B-00C04F79EFBC}") = "FKAttendDllCSSample", "FKAttendDllCSSample.csproj", "{50CDE5DC-8EFA-46CF-BB48-458EE3F3123D}"
EndProject
Global
	GlobalSection(SolutionConfigurationPlatforms) = preSolution
		Debug|Any CPU = Debug|Any CPU
		Debug|x86 = Debug|x86
		Release|Any CPU = Release|Any CPU
		Release|x86 = Release|x86
	EndGlobalSection
	GlobalSection(ProjectConfigurationPlatforms) = postSolution
		{50CDE5DC-8EFA-46CF-BB48-458EE3F3123D}.Debug|Any CPU.ActiveCfg = Debug|Any CPU
		{50CDE5DC-8EFA-46CF-BB48-458EE3F3123D}.Debug|Any CPU.Build.0 = Debug|Any CPU
		{50CDE5DC-8EFA-46CF-BB48-458EE3F3123D}.Debug|x86.ActiveCfg = Debug|x86
		{50CDE5DC-8EFA-46CF-BB48-458EE3F3123D}.Debug|x86.Build.0 = Debug|x86
		{50CDE5DC-8EFA-46CF-BB48-458EE3F3123D}.Release|Any CPU.ActiveCfg = Release|Any CPU
		{50CDE5DC-8EFA-46CF-BB48-458EE3F3123D}.Release|Any CPU.Build.0 = Release|Any CPU
		{50CDE5DC-8EFA-46CF-BB48-458EE3F3123D}.Release|x86.ActiveCfg = Release|x86
		{50CDE5DC-8EFA-46CF-BB48-458EE3F3123D}.Release|x86.Build.0 = Release|x86
	EndGlobalSection
	GlobalSection(SolutionProperties) = preSolution
		HideSolutionNode = FALSE
	EndGlobalSection
EndGlobal
